
Microsoft Visual Studio Solution File, Format Version 12.00
# Visual Studio Version 17
VisualStudioVersion = 17.10.35122.118
MinimumVisualStudioVersion = 10.0.40219.1
Project("{8BC9CEB8-8B4A-11D0-8D11-00A0C91BC942}") = "Sandbox", "Sandbox\Sandbox.vcxproj", "{29FF8E9B-DC62-4AA9-9B27-B06C95105E1B}"
EndProject
Project("{8BC9CEB8-8B4A-11D0-8D11-00A0C91BC942}") = "Hazel", "Hazel\Hazel.vcxproj", "{B18B315C-255D-40A6-B8C0-C8736459E2A7}"
EndProject
Global
	GlobalSection(SolutionConfigurationPlatforms) = preSolution
		Debug|x64 = Debug|x64
		Release|x64 = Release|x64
	EndGlobalSection
	GlobalSection(ProjectConfigurationPlatforms) = postSolution
		{B18B315C-255D-40A6-B8C0-C8736459E2A7}.Debug|x64.ActiveCfg = Debug|x64
		{B18B315C-255D-40A6-B8C0-C8736459E2A7}.Debug|x64.Build.0 = Debug|x64
		{B18B315C-255D-40A6-B8C0-C8736459E2A7}.Release|x64.ActiveCfg = Release|x64
		{B18B315C-255D-40A6-B8C0-C8736459E2A7}.Release|x64.Build.0 = Release|x64
		{29FF8E9B-DC62-4AA9-9B27-B06C95105E1B}.Debug|x64.ActiveCfg = Debug|x64
		{29FF8E9B-DC62-4AA9-9B27-B06C95105E1B}.Debug|x64.Build.0 = Debug|x64
		{29FF8E9B-DC62-4AA9-9B27-B06C95105E1B}.Release|x64.ActiveCfg = Release|x64
		{29FF8E9B-DC62-4AA9-9B27-B06C95105E1B}.Release|x64.Build.0 = Release|x64
	EndGlobalSection
	GlobalSection(SolutionProperties) = preSolution
		HideSolutionNode = FALSE
	EndGlobalSection
	GlobalSection(ExtensibilityGlobals) = postSolution
		SolutionGuid = {37F370D1-9791-454E-9B9E-A84C0E3C6296}
	EndGlobalSection
EndGlobal
